// !$*UTF8*$!
{
	archiveVersion = 1;
	classes = {
	};
	objectVersion = 46;
	objects = {

/* Begin PBXBuildFile section */
		CF65532218D68726001B4834 /* Foundation.framework in Frameworks */ = {isa = PBXBuildFile; fileRef = CF65532118D68726001B4834 /* Foundation.framework */; };
		CF65532418D68726001B4834 /* CoreGraphics.framework in Frameworks */ = {isa = PBXBuildFile; fileRef = CF65532318D68726001B4834 /* CoreGraphics.framework */; };
		CF65532618D68726001B4834 /* UIKit.framework in Frameworks */ = {isa = PBXBuildFile; fileRef = CF65532518D68726001B4834 /* UIKit.framework */; };
		CF65532C18D68726001B4834 /* InfoPlist.strings in Resources */ = {isa = PBXBuildFile; fileRef = CF65532A18D68726001B4834 /* InfoPlist.strings */; };
		CF65532E18D68726001B4834 /* main.m in Sources */ = {isa = PBXBuildFile; fileRef = CF65532D18D68726001B4834 /* main.m */; };
		CF65533218D68726001B4834 /* AppDelegate.m in Sources */ = {isa = PBXBuildFile; fileRef = CF65533118D68726001B4834 /* AppDelegate.m */; };
		CF65533418D68726001B4834 /* Images.xcassets in Resources */ = {isa = PBXBuildFile; fileRef = CF65533318D68726001B4834 /* Images.xcassets */; };
		CF65533B18D68726001B4834 /* XCTest.framework in Frameworks */ = {isa = PBXBuildFile; fileRef = CF65533A18D68726001B4834 /* XCTest.framework */; };
		CF65533C18D68726001B4834 /* Foundation.framework in Frameworks */ = {isa = PBXBuildFile; fileRef = CF65532118D68726001B4834 /* Foundation.framework */; };
		CF65533D18D68726001B4834 /* UIKit.framework in Frameworks */ = {isa = PBXBuildFile; fileRef = CF65532518D68726001B4834 /* UIKit.framework */; };
		CF65534518D68726001B4834 /* InfoPlist.strings in Resources */ = {isa = PBXBuildFile; fileRef = CF65534318D68726001B4834 /* InfoPlist.strings */; };
		CF65534718D68726001B4834 /* wk02Tests.m in Sources */ = {isa = PBXBuildFile; fileRef = CF65534618D68726001B4834 /* wk02Tests.m */; };
/* End PBXBuildFile section */

/* Begin PBXContainerItemProxy section */
		CF65533E18D68726001B4834 /* PBXContainerItemProxy */ = {
			isa = PBXContainerItemProxy;
			containerPortal = CF65531618D68726001B4834 /* Project object */;
			proxyType = 1;
			remoteGlobalIDString = CF65531D18D68726001B4834;
			remoteInfo = wk02;
		};
/* End PBXContainerItemProxy section */

/* Begin PBXFileReference section */
		CF65531E18D68726001B4834 /* wk02.app */ = {isa = PBXFileReference; explicitFileType = wrapper.application; includeInIndex = 0; path = wk02.app; sourceTree = BUILT_PRODUCTS_DIR; };
		CF65532118D68726001B4834 /* Foundation.framework */ = {isa = PBXFileReference; lastKnownFileType = wrapper.framework; name = Foundation.framework; path = System/Library/Frameworks/Foundation.framework; sourceTree = SDKROOT; };
		CF65532318D68726001B4834 /* CoreGraphics.framework */ = {isa = PBXFileReference; lastKnownFileType = wrapper.framework; name = CoreGraphics.framework; path = System/Library/Frameworks/CoreGraphics.framework; sourceTree = SDKROOT; };
		CF65532518D68726001B4834 /* UIKit.framework */ = {isa = PBXFileReference; lastKnownFileType = wrapper.framework; name = UIKit.framework; path = System/Library/Frameworks/UIKit.framework; sourceTree = SDKROOT; };
		CF65532918D68726001B4834 /* wk02-Info.plist */ = {isa = PBXFileReference; lastKnownFileType = text.plist.xml; path = "wk02-Info.plist"; sourceTree = "<group>"; };
		CF65532B18D68726001B4834 /* en */ = {isa = PBXFileReference; lastKnownFileType = text.plist.strings; name = en; path = en.lproj/InfoPlist.strings; sourceTree = "<group>"; };
		CF65532D18D68726001B4834 /* main.m */ = {isa = PBXFileReference; lastKnownFileType = sourcecode.c.objc; path = main.m; sourceTree = "<group>"; };
		CF65532F18D68726001B4834 /* wk02-Prefix.pch */ = {isa = PBXFileReference; lastKnownFileType = sourcecode.c.h; path = "wk02-Prefix.pch"; sourceTree = "<group>"; };
		CF65533018D68726001B4834 /* AppDelegate.h */ = {isa = PBXFileReference; lastKnownFileType = sourcecode.c.h; path = AppDelegate.h; sourceTree = "<group>"; };
		CF65533118D68726001B4834 /* AppDelegate.m */ = {isa = PBXFileReference; lastKnownFileType = sourcecode.c.objc; path = AppDelegate.m; sourceTree = "<group>"; };
		CF65533318D68726001B4834 /* Images.xcassets */ = {isa = PBXFileReference; lastKnownFileType = folder.assetcatalog; path = Images.xcassets; sourceTree = "<group>"; };
		CF65533918D68726001B4834 /* wk02Tests.xctest */ = {isa = PBXFileReference; explicitFileType = wrapper.cfbundle; includeInIndex = 0; path = wk02Tests.xctest; sourceTree = BUILT_PRODUCTS_DIR; };
		CF65533A18D68726001B4834 /* XCTest.framework */ = {isa = PBXFileReference; lastKnownFileType = wrapper.framework; name = XCTest.framework; path = Library/Frameworks/XCTest.framework; sourceTree = DEVELOPER_DIR; };
		CF65534218D68726001B4834 /* wk02Tests-Info.plist */ = {isa = PBXFileReference; lastKnownFileType = text.plist.xml; path = "wk02Tests-Info.plist"; sourceTree = "<group>"; };
		CF65534418D68726001B4834 /* en */ = {isa = PBXFileReference; lastKnownFileType = text.plist.strings; name = en; path = en.lproj/InfoPlist.strings; sourceTree = "<group>"; };
		CF65534618D68726001B4834 /* wk02Tests.m */ = {isa = PBXFileReference; lastKnownFileType = sourcecode.c.objc; path = wk02Tests.m; sourceTree = "<group>"; };
/* End PBXFileReference section */

/* Begin PBXFrameworksBuildPhase section */
		CF65531B18D68726001B4834 /* Frameworks */ = {
			isa = PBXFrameworksBuildPhase;
			buildActionMask = 2147483647;
			files = (
				CF65532418D68726001B4834 /* CoreGraphics.framework in Frameworks */,
				CF65532618D68726001B4834 /* UIKit.framework in Frameworks */,
				CF65532218D68726001B4834 /* Foundation.framework in Frameworks */,
			);
			runOnlyForDeploymentPostprocessing = 0;
		};
		CF65533618D68726001B4834 /* Frameworks */ = {
			isa = PBXFrameworksBuildPhase;
			buildActionMask = 2147483647;
			files = (
				CF65533B18D68726001B4834 /* XCTest.framework in Frameworks */,
				CF65533D18D68726001B4834 /* UIKit.framework in Frameworks */,
				CF65533C18D68726001B4834 /* Foundation.framework in Frameworks */,
			);
			runOnlyForDeploymentPostprocessing = 0;
		};
/* End PBXFrameworksBuildPhase section */

/* Begin PBXGroup section */
		CF65531518D68726001B4834 = {
			isa = PBXGroup;
			children = (
				CF65532718D68726001B4834 /* wk02 */,
				CF65534018D68726001B4834 /* wk02Tests */,
				CF65532018D68726001B4834 /* Frameworks */,
				CF65531F18D68726001B4834 /* Products */,
			);
			sourceTree = "<group>";
		};
		CF65531F18D68726001B4834 /* Products */ = {
			isa = PBXGroup;
			children = (
				CF65531E18D68726001B4834 /* wk02.app */,
				CF65533918D68726001B4834 /* wk02Tests.xctest */,
			);
			name = Products;
			sourceTree = "<group>";
		};
		CF65532018D68726001B4834 /* Frameworks */ = {
			isa = PBXGroup;
			children = (
				CF65532118D68726001B4834 /* Foundation.framework */,
				CF65532318D68726001B4834 /* CoreGraphics.framework */,
				CF65532518D68726001B4834 /* UIKit.framework */,
				CF65533A18D68726001B4834 /* XCTest.framework */,
			);
			name = Frameworks;
			sourceTree = "<group>";
		};
		CF65532718D68726001B4834 /* wk02 */ = {
			isa = PBXGroup;
			children = (
				CF65533018D68726001B4834 /* AppDelegate.h */,
				CF65533118D68726001B4834 /* AppDelegate.m */,
				CF65533318D68726001B4834 /* Images.xcassets */,
				CF65532818D68726001B4834 /* Supporting Files */,
			);
			path = wk02;
			sourceTree = "<group>";
		};
		CF65532818D68726001B4834 /* Supporting Files */ = {
			isa = PBXGroup;
			children = (
				CF65532918D68726001B4834 /* wk02-Info.plist */,
				CF65532A18D68726001B4834 /* InfoPlist.strings */,
				CF65532D18D68726001B4834 /* main.m */,
				CF65532F18D68726001B4834 /* wk02-Prefix.pch */,
			);
			name = "Supporting Files";
			sourceTree = "<group>";
		};
		CF65534018D68726001B4834 /* wk02Tests */ = {
			isa = PBXGroup;
			children = (
				CF65534618D68726001B4834 /* wk02Tests.m */,
				CF65534118D68726001B4834 /* Supporting Files */,
			);
			path = wk02Tests;
			sourceTree = "<group>";
		};
		CF65534118D68726001B4834 /* Supporting Files */ = {
			isa = PBXGroup;
			children = (
				CF65534218D68726001B4834 /* wk02Tests-Info.plist */,
				CF65534318D68726001B4834 /* InfoPlist.strings */,
			);
			name = "Supporting Files";
			sourceTree = "<group>";
		};
/* End PBXGroup section */

/* Begin PBXNativeTarget section */
		CF65531D18D68726001B4834 /* wk02 */ = {
			isa = PBXNativeTarget;
			buildConfigurationList = CF65534A18D68726001B4834 /* Build configuration list for PBXNativeTarget "wk02" */;
			buildPhases = (
				CF65531A18D68726001B4834 /* Sources */,
				CF65531B18D68726001B4834 /* Frameworks */,
				CF65531C18D68726001B4834 /* Resources */,
			);
			buildRules = (
			);
			dependencies = (
			);
			name = wk02;
			productName = wk02;
			productReference = CF65531E18D68726001B4834 /* wk02.app */;
			productType = "com.apple.product-type.application";
		};
		CF65533818D68726001B4834 /* wk02Tests */ = {
			isa = PBXNativeTarget;
			buildConfigurationList = CF65534D18D68726001B4834 /* Build configuration list for PBXNativeTarget "wk02Tests" */;
			buildPhases = (
				CF65533518D68726001B4834 /* Sources */,
				CF65533618D68726001B4834 /* Frameworks */,
				CF65533718D68726001B4834 /* Resources */,
			);
			buildRules = (
			);
			dependencies = (
				CF65533F18D68726001B4834 /* PBXTargetDependency */,
			);
			name = wk02Tests;
			productName = wk02Tests;
			productReference = CF65533918D68726001B4834 /* wk02Tests.xctest */;
			productType = "com.apple.product-type.bundle.unit-test";
		};
/* End PBXNativeTarget section */

/* Begin PBXProject section */
		CF65531618D68726001B4834 /* Project object */ = {
			isa = PBXProject;
			attributes = {
				LastUpgradeCheck = 0500;
				ORGANIZATIONNAME = jorge;
				TargetAttributes = {
					CF65533818D68726001B4834 = {
						TestTargetID = CF65531D18D68726001B4834;
					};
				};
			};
			buildConfigurationList = CF65531918D68726001B4834 /* Build configuration list for PBXProject "wk02" */;
			compatibilityVersion = "Xcode 3.2";
			developmentRegion = English;
			hasScannedForEncodings = 0;
			knownRegions = (
				en,
			);
			mainGroup = CF65531518D68726001B4834;
			productRefGroup = CF65531F18D68726001B4834 /* Products */;
			projectDirPath = "";
			projectRoot = "";
			targets = (
				CF65531D18D68726001B4834 /* wk02 */,
				CF65533818D68726001B4834 /* wk02Tests */,
			);
		};
/* End PBXProject section */

/* Begin PBXResourcesBuildPhase section */
		CF65531C18D68726001B4834 /* Resources */ = {
			isa = PBXResourcesBuildPhase;
			buildActionMask = 2147483647;
			files = (
				CF65532C18D68726001B4834 /* InfoPlist.strings in Resources */,
				CF65533418D68726001B4834 /* Images.xcassets in Resources */,
			);
			runOnlyForDeploymentPostprocessing = 0;
		};
		CF65533718D68726001B4834 /* Resources */ = {
			isa = PBXResourcesBuildPhase;
			buildActionMask = 2147483647;
			files = (
				CF65534518D68726001B4834 /* InfoPlist.strings in Resources */,
			);
			runOnlyForDeploymentPostprocessing = 0;
		};
/* End PBXResourcesBuildPhase section */

/* Begin PBXSourcesBuildPhase section */
		CF65531A18D68726001B4834 /* Sources */ = {
			isa = PBXSourcesBuildPhase;
			buildActionMask = 2147483647;
			files = (
				CF65533218D68726001B4834 /* AppDelegate.m in Sources */,
				CF65532E18D68726001B4834 /* main.m in Sources */,
			);
			runOnlyForDeploymentPostprocessing = 0;
		};
		CF65533518D68726001B4834 /* Sources */ = {
			isa = PBXSourcesBuildPhase;
			buildActionMask = 2147483647;
			files = (
				CF65534718D68726001B4834 /* wk02Tests.m in Sources */,
			);
			runOnlyForDeploymentPostprocessing = 0;
		};
/* End PBXSourcesBuildPhase section */

/* Begin PBXTargetDependency section */
		CF65533F18D68726001B4834 /* PBXTargetDependency */ = {
			isa = PBXTargetDependency;
			target = CF65531D18D68726001B4834 /* wk02 */;
			targetProxy = CF65533E18D68726001B4834 /* PBXContainerItemProxy */;
		};
/* End PBXTargetDependency section */

/* Begin PBXVariantGroup section */
		CF65532A18D68726001B4834 /* InfoPlist.strings */ = {
			isa = PBXVariantGroup;
			children = (
				CF65532B18D68726001B4834 /* en */,
			);
			name = InfoPlist.strings;
			sourceTree = "<group>";
		};
		CF65534318D68726001B4834 /* InfoPlist.strings */ = {
			isa = PBXVariantGroup;
			children = (
				CF65534418D68726001B4834 /* en */,
			);
			name = InfoPlist.strings;
			sourceTree = "<group>";
		};
/* End PBXVariantGroup section */

/* Begin XCBuildConfiguration section */
		CF65534818D68726001B4834 /* Debug */ = {
			isa = XCBuildConfiguration;
			buildSettings = {
				ALWAYS_SEARCH_USER_PATHS = NO;
				ARCHS = "$(ARCHS_STANDARD_INCLUDING_64_BIT)";
				CLANG_CXX_LANGUAGE_STANDARD = "gnu++0x";
				CLANG_CXX_LIBRARY = "libc++";
				CLANG_ENABLE_MODULES = YES;
				CLANG_ENABLE_OBJC_ARC = YES;
				CLANG_WARN_BOOL_CONVERSION = YES;
				CLANG_WARN_CONSTANT_CONVERSION = YES;
				CLANG_WARN_DIRECT_OBJC_ISA_USAGE = YES_ERROR;
				CLANG_WARN_EMPTY_BODY = YES;
				CLANG_WARN_ENUM_CONVERSION = YES;
				CLANG_WARN_INT_CONVERSION = YES;
				CLANG_WARN_OBJC_ROOT_CLASS = YES_ERROR;
				CLANG_WARN__DUPLICATE_METHOD_MATCH = YES;
				"CODE_SIGN_IDENTITY[sdk=iphoneos*]" = "iPhone Developer";
				COPY_PHASE_STRIP = NO;
				GCC_C_LANGUAGE_STANDARD = gnu99;
				GCC_DYNAMIC_NO_PIC = NO;
				GCC_OPTIMIZATION_LEVEL = 0;
				GCC_PREPROCESSOR_DEFINITIONS = (
					"DEBUG=1",
					"$(inherited)",
				);
				GCC_SYMBOLS_PRIVATE_EXTERN = NO;
				GCC_WARN_64_TO_32_BIT_CONVERSION = YES;
				GCC_WARN_ABOUT_RETURN_TYPE = YES_ERROR;
				GCC_WARN_UNDECLARED_SELECTOR = YES;
				GCC_WARN_UNINITIALIZED_AUTOS = YES;
				GCC_WARN_UNUSED_FUNCTION = YES;
				GCC_WARN_UNUSED_VARIABLE = YES;
				IPHONEOS_DEPLOYMENT_TARGET = 7.0;
				ONLY_ACTIVE_ARCH = YES;
				SDKROOT = iphoneos;
			};
			name = Debug;
		};
		CF65534918D68726001B4834 /* Release */ = {
			isa = XCBuildConfiguration;
			buildSettings = {
				ALWAYS_SEARCH_USER_PATHS = NO;
				ARCHS = "$(ARCHS_STANDARD_INCLUDING_64_BIT)";
				CLANG_CXX_LANGUAGE_STANDARD = "gnu++0x";
				CLANG_CXX_LIBRARY = "libc++";
				CLANG_ENABLE_MODULES = YES;
				CLANG_ENABLE_OBJC_ARC = YES;
				CLANG_WARN_BOOL_CONVERSION = YES;
				CLANG_WARN_CONSTANT_CONVERSION = YES;
				CLANG_WARN_DIRECT_OBJC_ISA_USAGE = YES_ERROR;
				CLANG_WARN_EMPTY_BODY = YES;
				CLANG_WARN_ENUM_CONVERSION = YES;
				CLANG_WARN_INT_CONVERSION = YES;
				CLANG_WARN_OBJC_ROOT_CLASS = YES_ERROR;
				CLANG_WARN__DUPLICATE_METHOD_MATCH = YES;
				"CODE_SIGN_IDENTITY[sdk=iphoneos*]" = "iPhone Developer";
				COPY_PHASE_STRIP = YES;
				ENABLE_NS_ASSERTIONS = NO;
				GCC_C_LANGUAGE_STANDARD = gnu99;
				GCC_WARN_64_TO_32_BIT_CONVERSION = YES;
				GCC_WARN_ABOUT_RETURN_TYPE = YES_ERROR;
				GCC_WARN_UNDECLARED_SELECTOR = YES;
				GCC_WARN_UNINITIALIZED_AUTOS = YES;
				GCC_WARN_UNUSED_FUNCTION = YES;
				GCC_WARN_UNUSED_VARIABLE = YES;
				IPHONEOS_DEPLOYMENT_TARGET = 7.0;
				SDKROOT = iphoneos;
				VALIDATE_PRODUCT = YES;
			};
			name = Release;
		};
		CF65534B18D68726001B4834 /* Debug */ = {
			isa = XCBuildConfiguration;
			buildSettings = {
				ASSETCATALOG_COMPILER_APPICON_NAME = AppIcon;
				ASSETCATALOG_COMPILER_LAUNCHIMAGE_NAME = LaunchImage;
				GCC_PRECOMPILE_PREFIX_HEADER = YES;
				GCC_PREFIX_HEADER = "wk02/wk02-Prefix.pch";
				INFOPLIST_FILE = "wk02/wk02-Info.plist";
				PRODUCT_NAME = "$(TARGET_NAME)";
				WRAPPER_EXTENSION = app;
			};
			name = Debug;
		};
		CF65534C18D68726001B4834 /* Release */ = {
			isa = XCBuildConfiguration;
			buildSettings = {
				ASSETCATALOG_COMPILER_APPICON_NAME = AppIcon;
				ASSETCATALOG_COMPILER_LAUNCHIMAGE_NAME = LaunchImage;
				GCC_PRECOMPILE_PREFIX_HEADER = YES;
				GCC_PREFIX_HEADER = "wk02/wk02-Prefix.pch";
				INFOPLIST_FILE = "wk02/wk02-Info.plist";
				PRODUCT_NAME = "$(TARGET_NAME)";
				WRAPPER_EXTENSION = app;
			};
			name = Release;
		};
		CF65534E18D68726001B4834 /* Debug */ = {
			isa = XCBuildConfiguration;
			buildSettings = {
				ARCHS = "$(ARCHS_STANDARD_INCLUDING_64_BIT)";
				BUNDLE_LOADER = "$(BUILT_PRODUCTS_DIR)/wk02.app/wk02";
				FRAMEWORK_SEARCH_PATHS = (
					"$(SDKROOT)/Developer/Library/Frameworks",
					"$(inherited)",
					"$(DEVELOPER_FRAMEWORKS_DIR)",
				);
				GCC_PRECOMPILE_PREFIX_HEADER = YES;
				GCC_PREFIX_HEADER = "wk02/wk02-Prefix.pch";
				GCC_PREPROCESSOR_DEFINITIONS = (
					"DEBUG=1",
					"$(inherited)",
				);
				INFOPLIST_FILE = "wk02Tests/wk02Tests-Info.plist";
				PRODUCT_NAME = "$(TARGET_NAME)";
				TEST_HOST = "$(BUNDLE_LOADER)";
				WRAPPER_EXTENSION = xctest;
			};
			name = Debug;
		};
		CF65534F18D68726001B4834 /* Release */ = {
			isa = XCBuildConfiguration;
			buildSettings = {
				ARCHS = "$(ARCHS_STANDARD_INCLUDING_64_BIT)";
				BUNDLE_LOADER = "$(BUILT_PRODUCTS_DIR)/wk02.app/wk02";
				FRAMEWORK_SEARCH_PATHS = (
					"$(SDKROOT)/Developer/Library/Frameworks",
					"$(inherited)",
					"$(DEVELOPER_FRAMEWORKS_DIR)",
				);
				GCC_PRECOMPILE_PREFIX_HEADER = YES;
				GCC_PREFIX_HEADER = "wk02/wk02-Prefix.pch";
				INFOPLIST_FILE = "wk02Tests/wk02Tests-Info.plist";
				PRODUCT_NAME = "$(TARGET_NAME)";
				TEST_HOST = "$(BUNDLE_LOADER)";
				WRAPPER_EXTENSION = xctest;
			};
			name = Release;
		};
/* End XCBuildConfiguration section */

/* Begin XCConfigurationList section */
		CF65531918D68726001B4834 /* Build configuration list for PBXProject "wk02" */ = {
			isa = XCConfigurationList;
			buildConfigurations = (
				CF65534818D68726001B4834 /* Debug */,
				CF65534918D68726001B4834 /* Release */,
			);
			defaultConfigurationIsVisible = 0;
			defaultConfigurationName = Release;
		};
		CF65534A18D68726001B4834 /* Build configuration list for PBXNativeTarget "wk02" */ = {
			isa = XCConfigurationList;
			buildConfigurations = (
				CF65534B18D68726001B4834 /* Debug */,
				CF65534C18D68726001B4834 /* Release */,
			);
			defaultConfigurationIsVisible = 0;
		};
		CF65534D18D68726001B4834 /* Build configuration list for PBXNativeTarget "wk02Tests" */ = {
			isa = XCConfigurationList;
			buildConfigurations = (
				CF65534E18D68726001B4834 /* Debug */,
				CF65534F18D68726001B4834 /* Release */,
			);
			defaultConfigurationIsVisible = 0;
		};
/* End XCConfigurationList section */
	};
	rootObject = CF65531618D68726001B4834 /* Project object */;
}
